{
  "projects": [
    {
      "projectId": "bCbvUcteWZd6HDy751hPeA",
      "version": "latest",
      "dependencies": {},
      "lang": "ts",
      "fileLocks": [
        {
          "type": "globalVariant",
          "assetId": "fD2Y32q_3-ir_h",
          "checksum": "95029744ed9e89b67a07f5c116ff2255"
        },
        {
          "assetId": "bCbvUcteWZd6HDy751hPeA",
          "type": "projectCss",
          "checksum": "f6bc09d6bf0b82b5af90abfcede544b7"
        },
        {
          "type": "renderModule",
          "assetId": "LJw6V9SHjzCpR",
          "checksum": "053331e0c41aaf9e6522ab213022c508"
        },
        {
          "type": "cssRules",
          "assetId": "LJw6V9SHjzCpR",
          "checksum": "053331e0c41aaf9e6522ab213022c508"
        },
        {
          "type": "renderModule",
          "assetId": "i2RFTUsbFArGA",
          "checksum": "ed7aca95ed5d3789ccda8fb27173d00c"
        },
        {
          "type": "cssRules",
          "assetId": "i2RFTUsbFArGA",
          "checksum": "ed7aca95ed5d3789ccda8fb27173d00c"
        },
        {
          "type": "renderModule",
          "assetId": "aB-1YIIEaKFrO",
          "checksum": "4ec039421a163b76eb336802390ba773"
        },
        {
          "type": "cssRules",
          "assetId": "aB-1YIIEaKFrO",
          "checksum": "4ec039421a163b76eb336802390ba773"
        },
        {
          "type": "renderModule",
          "assetId": "rIJ8xn75j_CxY",
          "checksum": "30356439f554e4421d36c00896d91c60"
        },
        {
          "type": "cssRules",
          "assetId": "rIJ8xn75j_CxY",
          "checksum": "30356439f554e4421d36c00896d91c60"
        },
        {
          "type": "renderModule",
          "assetId": "XBWDolm_ZwNY6",
          "checksum": "02c9ad6ebc1bc1727179597e15575076"
        },
        {
          "type": "cssRules",
          "assetId": "XBWDolm_ZwNY6",
          "checksum": "02c9ad6ebc1bc1727179597e15575076"
        },
        {
          "type": "renderModule",
          "assetId": "I1-u6aUkhZ0jgl",
          "checksum": "fd12ba7a5490aeb1146cfa0de497d4fe"
        },
        {
          "type": "cssRules",
          "assetId": "I1-u6aUkhZ0jgl",
          "checksum": "fd12ba7a5490aeb1146cfa0de497d4fe"
        },
        {
          "type": "renderModule",
          "assetId": "u0F7j3ZQebh1Zb",
          "checksum": "230b9044ec69faee66db7adbc3a6bbee"
        },
        {
          "type": "cssRules",
          "assetId": "u0F7j3ZQebh1Zb",
          "checksum": "230b9044ec69faee66db7adbc3a6bbee"
        },
        {
          "type": "renderModule",
          "assetId": "ZXkB4lz33U3aYK",
          "checksum": "dbefc086af461867095079b4733644a6"
        },
        {
          "type": "cssRules",
          "assetId": "ZXkB4lz33U3aYK",
          "checksum": "dbefc086af461867095079b4733644a6"
        },
        {
          "type": "renderModule",
          "assetId": "TpTCcCVK2I7ezu",
          "checksum": "0b49edd893de90efbc29915211d28b8f"
        },
        {
          "type": "cssRules",
          "assetId": "TpTCcCVK2I7ezu",
          "checksum": "0b49edd893de90efbc29915211d28b8f"
        },
        {
          "type": "renderModule",
          "assetId": "4-G0FxewBpWMvs",
          "checksum": "60041ecd0484dfafcdc013df8a8f11aa"
        },
        {
          "type": "cssRules",
          "assetId": "4-G0FxewBpWMvs",
          "checksum": "60041ecd0484dfafcdc013df8a8f11aa"
        },
        {
          "type": "renderModule",
          "assetId": "RM4wMqcTeE5aGV",
          "checksum": "082918de1b4933d7b8d093bece2aabd3"
        },
        {
          "type": "cssRules",
          "assetId": "RM4wMqcTeE5aGV",
          "checksum": "082918de1b4933d7b8d093bece2aabd3"
        },
        {
          "type": "renderModule",
          "assetId": "swvpcb63OmYRNC",
          "checksum": "752edc36dad9a2509c42edee069acc45"
        },
        {
          "type": "cssRules",
          "assetId": "swvpcb63OmYRNC",
          "checksum": "752edc36dad9a2509c42edee069acc45"
        },
        {
          "type": "renderModule",
          "assetId": "JpgLerLOYV8Dsl",
          "checksum": "6bff04eeacecda0a259a599cb0ddeab9"
        },
        {
          "type": "cssRules",
          "assetId": "JpgLerLOYV8Dsl",
          "checksum": "6bff04eeacecda0a259a599cb0ddeab9"
        },
        {
          "type": "renderModule",
          "assetId": "bXuR_ACR7JklZt",
          "checksum": "a206c1300ede07008f8442bcaedbb764"
        },
        {
          "type": "cssRules",
          "assetId": "bXuR_ACR7JklZt",
          "checksum": "a206c1300ede07008f8442bcaedbb764"
        },
        {
          "type": "renderModule",
          "assetId": "ghqDFUCO4sVL_K",
          "checksum": "d0a43941ab5432d56f88e272cecf168b"
        },
        {
          "type": "cssRules",
          "assetId": "ghqDFUCO4sVL_K",
          "checksum": "d0a43941ab5432d56f88e272cecf168b"
        },
        {
          "type": "renderModule",
          "assetId": "oqSueeL5NGD1a0",
          "checksum": "a80659acdc51bc5d20ddd324fca373d2"
        },
        {
          "type": "cssRules",
          "assetId": "oqSueeL5NGD1a0",
          "checksum": "a80659acdc51bc5d20ddd324fca373d2"
        },
        {
          "type": "renderModule",
          "assetId": "vAYyobQxBm87",
          "checksum": "bdc832d4745507b33447fa0ef923ec64"
        },
        {
          "type": "cssRules",
          "assetId": "vAYyobQxBm87",
          "checksum": "bdc832d4745507b33447fa0ef923ec64"
        },
        {
          "type": "renderModule",
          "assetId": "-vHSYuMsoY0f5",
          "checksum": "9031b78cf1276828104bfba6377757bf"
        },
        {
          "type": "cssRules",
          "assetId": "-vHSYuMsoY0f5",
          "checksum": "9031b78cf1276828104bfba6377757bf"
        },
        {
          "type": "renderModule",
          "assetId": "Q0vnT_1peQYdJ",
          "checksum": "ff91603aac0dd12d06a0be48c475545a"
        },
        {
          "type": "cssRules",
          "assetId": "Q0vnT_1peQYdJ",
          "checksum": "ff91603aac0dd12d06a0be48c475545a"
        },
        {
          "type": "renderModule",
          "assetId": "lTr2G1MxBk6FF",
          "checksum": "bbc910b6db193c2ce4205fea20f54dc5"
        },
        {
          "type": "cssRules",
          "assetId": "lTr2G1MxBk6FF",
          "checksum": "bbc910b6db193c2ce4205fea20f54dc5"
        },
        {
          "type": "renderModule",
          "assetId": "1PBy2w-ZdBEOO",
          "checksum": "8770cdcd1f72c986cb837e73060b49d7"
        },
        {
          "type": "cssRules",
          "assetId": "1PBy2w-ZdBEOO",
          "checksum": "8770cdcd1f72c986cb837e73060b49d7"
        },
        {
          "type": "renderModule",
          "assetId": "XcIOgm7NvONag8",
          "checksum": "131d878e70112b7167985cd11d763a47"
        },
        {
          "type": "cssRules",
          "assetId": "XcIOgm7NvONag8",
          "checksum": "131d878e70112b7167985cd11d763a47"
        },
        {
          "type": "renderModule",
          "assetId": "S6EZSOljAtnCKU",
          "checksum": "fe2efbaa2638d6f1f61e29b1fe304e47"
        },
        {
          "type": "cssRules",
          "assetId": "S6EZSOljAtnCKU",
          "checksum": "fe2efbaa2638d6f1f61e29b1fe304e47"
        },
        {
          "type": "icon",
          "assetId": "ftfnPPuGWa6LBB",
          "checksum": "af06c2f2f5fed416cbfd6db57861c94f"
        },
        {
          "type": "icon",
          "assetId": "FiRrK1dnK-Uz7E",
          "checksum": "cda82a6c12d0c38d3096004979429e56"
        },
        {
          "type": "icon",
          "assetId": "8O47pbapSZS7wa",
          "checksum": "2c11b71865222d75a43c9fdc6cf02d4d"
        },
        {
          "type": "icon",
          "assetId": "T9Z8EqaTeqvmjY",
          "checksum": "4adef111ce1c571bd2e0e6de5cc33aaa"
        },
        {
          "type": "icon",
          "assetId": "QFu16TrkbuZxii",
          "checksum": "a12f2a7f08bbdd1246a80249fd7babe3"
        },
        {
          "type": "icon",
          "assetId": "DQmp3ZhxmOoh9B",
          "checksum": "bc519cf4da48790389578b4ad123938e"
        },
        {
          "type": "icon",
          "assetId": "ygut9heTc53OEz",
          "checksum": "d3a550bac961b6d350dfb4a764f74a60"
        },
        {
          "type": "icon",
          "assetId": "Xom54Groi-OiJK",
          "checksum": "4e9259170bd37694b6f16b1bea937d50"
        },
        {
          "type": "icon",
          "assetId": "4XcXtRgF6DUeKN",
          "checksum": "799e0377b63be8a84acf3482b18c0f69"
        },
        {
          "type": "icon",
          "assetId": "smIRhf5antQ-4T",
          "checksum": "7d53df7436782260b322e30f86044ec0"
        },
        {
          "type": "icon",
          "assetId": "Qk_VixTbTOpxyS",
          "checksum": "44c022fb73b6fabdc630170264431bb9"
        },
        {
          "type": "icon",
          "assetId": "3-y7PVjbUjaor_",
          "checksum": "a83d86f845655f4e3fc5562a06bdcb5a"
        },
        {
          "type": "icon",
          "assetId": "ANJpLzh29IkcWs",
          "checksum": "689fb705b4bdc2731b70160888cd540d"
        },
        {
          "type": "icon",
          "assetId": "wfGPtJcWRkPbw-",
          "checksum": "44057c16311871e9dec88f279678ba9e"
        },
        {
          "type": "icon",
          "assetId": "K8oW1hGROlF7G1",
          "checksum": "66425b47b6096370409a32d7eaa07677"
        },
        {
          "type": "icon",
          "assetId": "2AbkSIbRgrhhNV",
          "checksum": "9de1721e41548a05dbbb105e50f827cb"
        },
        {
          "type": "image",
          "assetId": "shIYGaXx5F1bKA",
          "checksum": "6167d6710848474ebf6a1c70f363e90c"
        },
        {
          "type": "image",
          "assetId": "3MqyagxXfwseyS",
          "checksum": "dcb6621cfe46812ee8fca4cd267392fc"
        },
        {
          "type": "image",
          "assetId": "Ez3ZZTsGT9hGF-",
          "checksum": "ebdfc77e3a12b89fe276e024160cf347"
        },
        {
          "type": "image",
          "assetId": "Oep-NHQxk2Q7eX",
          "checksum": "ddeef664b6a0cff7bc6d84ace668c5ff"
        },
        {
          "type": "image",
          "assetId": "R9bcVXWS0zdhmA",
          "checksum": "dd48b50f42395f415ef692ad70ab105e"
        },
        {
          "type": "image",
          "assetId": "rMWw0bV-jraerD",
          "checksum": "5af3dbb80a4413ec4818f3faee0891c2"
        },
        {
          "type": "image",
          "assetId": "VebZEfofXi3WeH",
          "checksum": "24ba51ad8fba0fbadc5b9daff69f97b9"
        },
        {
          "type": "image",
          "assetId": "PaXsQc2TQlwsMz",
          "checksum": "befee89abaf1cf5a919cbbd12cd7183f"
        },
        {
          "type": "image",
          "assetId": "M2B3qoeO5eBzsv",
          "checksum": "439a43536ccc517bfe3ab5efad988633"
        },
        {
          "type": "image",
          "assetId": "CRvLJqJV-KHSyr",
          "checksum": "e70fd099e7b45524a64f3fcf674839ea"
        },
        {
          "type": "image",
          "assetId": "KhuC64JC2BPFbd",
          "checksum": "e28c2088d1d0a60f3dc0df86659b5de0"
        },
        {
          "type": "image",
          "assetId": "79aQkm2UdUqUBK",
          "checksum": "776d7dccb15e97cf665079f3fc5648ca"
        },
        {
          "type": "image",
          "assetId": "NWJSbRJipfGZAD",
          "checksum": "76b32e1d3cb4401a7534fe383541d346"
        },
        {
          "type": "image",
          "assetId": "iOUcN0KS6_9QS4",
          "checksum": "aa5af5f5c5c2fa1b7982a4d3ce0611a7"
        },
        {
          "type": "image",
          "assetId": "r5K78Pfl_qw4Og",
          "checksum": "1b1880c729685b52e155d35f41875123"
        },
        {
          "type": "image",
          "assetId": "jfolYkPfgtKPCc",
          "checksum": "578978095e8c9fc6db50553b908654cb"
        },
        {
          "type": "image",
          "assetId": "GhFCRTqLDHO7Tt",
          "checksum": "09566d38b5656cf663b1a0a8f08fda91"
        },
        {
          "type": "image",
          "assetId": "t1ZwMMPhfQ65jA",
          "checksum": "fa79c046713c67b44465ae88af1dc006"
        },
        {
          "type": "image",
          "assetId": "v4HkmgoCA9relJ",
          "checksum": "8edb66902d2ee4bca01e33eeb4557902"
        },
        {
          "type": "image",
          "assetId": "DpRcBpJychRCp1",
          "checksum": "419055118eaa89fbb6c834e792e56421"
        },
        {
          "type": "image",
          "assetId": "aWwWUIiAGGXLdo",
          "checksum": "9a062337ab0efc35e39386099bda3f44"
        },
        {
          "type": "image",
          "assetId": "nYVFR5zYqeTF0Y",
          "checksum": "37571ae19535d1cce52c38bef8f1976d"
        },
        {
          "type": "image",
          "assetId": "ihzJ1xq0LO3sfV",
          "checksum": "7179e97d04d27a0f91b292e6e9f9e6a8"
        },
        {
          "type": "image",
          "assetId": "t1AkWqSgErPpzU",
          "checksum": "8520a110a035bbd8a4fabe74cf79ae28"
        },
        {
          "type": "image",
          "assetId": "WmrsHZqQHCfz8I",
          "checksum": "111bd6b4331d4c29bc8c2a0b527329dd"
        },
        {
          "type": "image",
          "assetId": "InrFyCbS0cOu2O",
          "checksum": "3ee61ef74305f2d0aeac65b91f8294cd"
        },
        {
          "type": "image",
          "assetId": "F7wYpeIcuGSJOs",
          "checksum": "a8622437e3de988fe8fea4b52834664c"
        },
        {
          "type": "image",
          "assetId": "JgO6L96vg-GbZf",
          "checksum": "457d92790f6c1696a497b9977b52fece"
        },
        {
          "type": "image",
          "assetId": "CQRnHhJS6-d-nT",
          "checksum": "f4d33de4814d5bbe8d81253b1a83f95f"
        },
        {
          "type": "image",
          "assetId": "sTdGxKs2klN9qE",
          "checksum": "cbf0a8ce5f8c66de7b54d1880ce034e8"
        },
        {
          "type": "image",
          "assetId": "OIjOC9BEDDkWWT",
          "checksum": "5f49196d659266833817da047d6902e6"
        },
        {
          "type": "image",
          "assetId": "lyvd8qsi9FhIDm",
          "checksum": "e33096ba438baef23668e10fad31efa9"
        },
        {
          "type": "image",
          "assetId": "KMvUruxFJux_oV",
          "checksum": "da53604d27217dc437d43fd49e6a97ed"
        },
        {
          "type": "image",
          "assetId": "gS4s3wvRJPDw0Y",
          "checksum": "a1cb9bb6033a9ba681fb0a68bbf15b14"
        },
        {
          "type": "image",
          "assetId": "LvN7aae6Ya5fja",
          "checksum": "3164352f1e0bcf480c4f7878fb95c3e5"
        },
        {
          "type": "image",
          "assetId": "iRBxOWBEDsELZG",
          "checksum": "c0470dde7f68aadebfa2202e01a4188d"
        },
        {
          "type": "image",
          "assetId": "CT0OkDYlZvl2-O",
          "checksum": "8b952fd20cd0e7f95d8c556385621e9d"
        },
        {
          "type": "image",
          "assetId": "w0aleJQxsidZyw",
          "checksum": "d33516aec3b1d53d7485f87fd3b5825b"
        },
        {
          "type": "image",
          "assetId": "OTuYghRK9icqd3",
          "checksum": "6dec0944a0bcda61e712c2b467ae461a"
        },
        {
          "type": "image",
          "assetId": "9pr6T1PRaHB5Yf",
          "checksum": "75414ea1d97d3a4dd7233c2bb1accd58"
        },
        {
          "type": "image",
          "assetId": "uu4fHo6RvW_8MC",
          "checksum": "13b3736463933948677b9361e21aee36"
        },
        {
          "type": "image",
          "assetId": "3B4mj98fjPfdjD",
          "checksum": "221be046be650c3e12697d2a65fe0e61"
        },
        {
          "type": "image",
          "assetId": "gYSX9B4ErIWRCN",
          "checksum": "dffc065922d5c8874d58066bef600656"
        },
        {
          "type": "image",
          "assetId": "pyUYzYhsGILaxV",
          "checksum": "6994de88eef4a8b23fce998fbc89a034"
        },
        {
          "type": "image",
          "assetId": "T4CPTwRFwXhBFA",
          "checksum": "edb21659964b17572e609559872d5a9b"
        },
        {
          "type": "image",
          "assetId": "rEnzd-6xhWqgRl",
          "checksum": "1d092f237cd58ca7ca11811ded22d214"
        },
        {
          "type": "image",
          "assetId": "AzXIB9JE-N_Mwd",
          "checksum": "5628d54517b9662e31e0c466506d24b4"
        },
        {
          "type": "image",
          "assetId": "NPxkYSXmPE9QcC",
          "checksum": "48858c98a3b47f32c2ad72787d8f4bea"
        },
        {
          "type": "image",
          "assetId": "A_615ahMNsbFKt",
          "checksum": "b69da02007c38a6ae283cacced9c7706"
        },
        {
          "type": "image",
          "assetId": "a1YL6gXjk0Fa0-",
          "checksum": "e59b64a681efae11b299bcc12647ae9c"
        },
        {
          "type": "image",
          "assetId": "_WDEIozHOTxUTb",
          "checksum": "2f7b5e9e0cf3d77faa72a01d607e9c1a"
        },
        {
          "type": "image",
          "assetId": "Jt8eJkLLdpUrE4",
          "checksum": "cf6ec67ed5e9b4a5f06c92ad2d02af2d"
        },
        {
          "type": "image",
          "assetId": "FvwSIGmeB2EWMf",
          "checksum": "7f932b4eaea2c8682b503150f78366c8"
        },
        {
          "type": "image",
          "assetId": "jkXpUEVU9po7sF",
          "checksum": "85dcbbebb75964bc2cbced65cf516865"
        },
        {
          "type": "image",
          "assetId": "PvTCtBKACOvXYr",
          "checksum": "a16e0c715b9b6ef6acfe7e68c9b129b6"
        },
        {
          "type": "image",
          "assetId": "8vKAKie5bo4bHz",
          "checksum": "9f73416002cbd5a3bcd9b754615ff6d7"
        },
        {
          "type": "image",
          "assetId": "6oQ9zCjxA5-48B",
          "checksum": "7a1a65b456cbf24f6d77cad76b20c361"
        },
        {
          "type": "image",
          "assetId": "dTA4bPUDxXDeUB",
          "checksum": "6487047050b7c63a3687f017937b56e6"
        },
        {
          "type": "image",
          "assetId": "v9OOG8mS5wqa7Q",
          "checksum": "33604a40a8eb1517691c085f9ed453a7"
        },
        {
          "type": "image",
          "assetId": "TE7xuXqLkZT0fP",
          "checksum": "c924d279d6b22ad32887c9aa87a0b6f2"
        },
        {
          "type": "image",
          "assetId": "LpDwXW0wioAhak",
          "checksum": "872c1c241d02a4f6e3d4f55cbaa09fb8"
        },
        {
          "type": "image",
          "assetId": "0rraFxWGAZm_Ca",
          "checksum": "ee87f5ef49f5465ab8e75ce43d703976"
        },
        {
          "type": "image",
          "assetId": "2N8MjeUJVDh3qp",
          "checksum": "3ca0fa2f358506282bb1b570cfdd2df6"
        },
        {
          "type": "image",
          "assetId": "p6rBlIfPmNVvZ2",
          "checksum": "e43dd4fe2ee39859d5270a28b6f18dca"
        },
        {
          "type": "image",
          "assetId": "UvedXINcw4suUG",
          "checksum": "9dd782b6eb694ec10525bbd1ef58a4d5"
        },
        {
          "type": "image",
          "assetId": "dGDxDYFQ5WIQMf",
          "checksum": "25ae256aaae9b07b965379f0035eba51"
        },
        {
          "type": "image",
          "assetId": "lzaRCYh2R2DWe8",
          "checksum": "37ddc6605ae4de26252348fab7ebd973"
        },
        {
          "type": "image",
          "assetId": "vqLEZso19xwMTt",
          "checksum": "8a958064893a92ca2e7d7cdeb15f5e30"
        },
        {
          "type": "image",
          "assetId": "621utzw3MzF-OY",
          "checksum": "8c57c74067b8fe408f5800f73d2422ca"
        },
        {
          "type": "image",
          "assetId": "IY0dQZ8fmvpTAJ",
          "checksum": "cd32aa5a0c3a4b10c584316928c56670"
        },
        {
          "type": "image",
          "assetId": "M4XILwQGfhefB3",
          "checksum": "936a0a00b4781ba9260a8508fce9dcc3"
        },
        {
          "type": "image",
          "assetId": "6uyh12mvWqns0M",
          "checksum": "c0ece720842a833803c2b1996f428902"
        },
        {
          "type": "image",
          "assetId": "o_-f7rJ2BrvvsY",
          "checksum": "1bc571e65204de7b07104c52d2100c48"
        },
        {
          "type": "image",
          "assetId": "To6XkSOwB2qYNF",
          "checksum": "ba199ecfb642e36759ae29a16c0c2de5"
        }
      ],
      "codegenVersion": "0.0.1"
    }
  ],
  "cliVersion": "0.1.182"
}
